// !$*UTF8*$!
{
	archiveVersion = 1;
	classes = {
	};
	objectVersion = 46;
	objects = {

/* Begin PBXBuildFile section */
		1FBBAFE31F0E3D4700CA5640 /* AppDelegate.swift in Sources */ = {isa = PBXBuildFile; fileRef = 1FBBAFE21F0E3D4700CA5640 /* AppDelegate.swift */; };
		1FBBAFE51F0E3D4700CA5640 /* ViewController.swift in Sources */ = {isa = PBXBuildFile; fileRef = 1FBBAFE41F0E3D4700CA5640 /* ViewController.swift */; };
		1FBBAFE81F0E3D4700CA5640 /* Main.storyboard in Resources */ = {isa = PBXBuildFile; fileRef = 1FBBAFE61F0E3D4700CA5640 /* Main.storyboard */; };
		1FBBAFEA1F0E3D4700CA5640 /* Assets.xcassets in Resources */ = {isa = PBXBuildFile; fileRef = 1FBBAFE91F0E3D4700CA5640 /* Assets.xcassets */; };
		1FBBAFED1F0E3D4700CA5640 /* LaunchScreen.storyboard in Resources */ = {isa = PBXBuildFile; fileRef = 1FBBAFEB1F0E3D4700CA5640 /* LaunchScreen.storyboard */; };
		1FBBAFF51F0E3D9D00CA5640 /* pinAnnotation.swift in Sources */ = {isa = PBXBuildFile; fileRef = 1FBBAFF41F0E3D9D00CA5640 /* pinAnnotation.swift */; };
/* End PBXBuildFile section */

/* Begin PBXFileReference section */
		1FBBAFDF1F0E3D4700CA5640 /* applemap.app */ = {isa = PBXFileReference; explicitFileType = wrapper.application; includeInIndex = 0; path = applemap.app; sourceTree = BUILT_PRODUCTS_DIR; };
		1FBBAFE21F0E3D4700CA5640 /* AppDelegate.swift */ = {isa = PBXFileReference; lastKnownFileType = sourcecode.swift; path = AppDelegate.swift; sourceTree = "<group>"; };
		1FBBAFE41F0E3D4700CA5640 /* ViewController.swift */ = {isa = PBXFileReference; lastKnownFileType = sourcecode.swift; path = ViewController.swift; sourceTree = "<group>"; };
		1FBBAFE71F0E3D4700CA5640 /* Base */ = {isa = PBXFileReference; lastKnownFileType = file.storyboard; name = Base; path = Base.lproj/Main.storyboard; sourceTree = "<group>"; };
		1FBBAFE91F0E3D4700CA5640 /* Assets.xcassets */ = {isa = PBXFileReference; lastKnownFileType = folder.assetcatalog; path = Assets.xcassets; sourceTree = "<group>"; };
		1FBBAFEC1F0E3D4700CA5640 /* Base */ = {isa = PBXFileReference; lastKnownFileType = file.storyboard; name = Base; path = Base.lproj/LaunchScreen.storyboard; sourceTree = "<group>"; };
		1FBBAFEE1F0E3D4700CA5640 /* Info.plist */ = {isa = PBXFileReference; lastKnownFileType = text.plist.xml; path = Info.plist; sourceTree = "<group>"; };
		1FBBAFF41F0E3D9D00CA5640 /* pinAnnotation.swift */ = {isa = PBXFileReference; fileEncoding = 4; lastKnownFileType = sourcecode.swift; path = pinAnnotation.swift; sourceTree = "<group>"; };
/* End PBXFileReference section */

/* Begin PBXFrameworksBuildPhase section */
		1FBBAFDC1F0E3D4700CA5640 /* Frameworks */ = {
			isa = PBXFrameworksBuildPhase;
			buildActionMask = 2147483647;
			files = (
			);
			runOnlyForDeploymentPostprocessing = 0;
		};
/* End PBXFrameworksBuildPhase section */

/* Begin PBXGroup section */
		1FBBAFD61F0E3D4700CA5640 = {
			isa = PBXGroup;
			children = (
				1FBBAFE11F0E3D4700CA5640 /* applemap */,
				1FBBAFE01F0E3D4700CA5640 /* Products */,
			);
			sourceTree = "<group>";
		};
		1FBBAFE01F0E3D4700CA5640 /* Products */ = {
			isa = PBXGroup;
			children = (
				1FBBAFDF1F0E3D4700CA5640 /* applemap.app */,
			);
			name = Products;
			sourceTree = "<group>";
		};
		1FBBAFE11F0E3D4700CA5640 /* applemap */ = {
			isa = PBXGroup;
			children = (
				1FBBAFE21F0E3D4700CA5640 /* AppDelegate.swift */,
				1FBBAFE41F0E3D4700CA5640 /* ViewController.swift */,
				1FBBAFF41F0E3D9D00CA5640 /* pinAnnotation.swift */,
				1FBBAFE61F0E3D4700CA5640 /* Main.storyboard */,
				1FBBAFE91F0E3D4700CA5640 /* Assets.xcassets */,
				1FBBAFEB1F0E3D4700CA5640 /* LaunchScreen.storyboard */,
				1FBBAFEE1F0E3D4700CA5640 /* Info.plist */,
			);
			path = applemap;
			sourceTree = "<group>";
		};
/* End PBXGroup section */

/* Begin PBXNativeTarget section */
		1FBBAFDE1F0E3D4700CA5640 /* applemap */ = {
			isa = PBXNativeTarget;
			buildConfigurationList = 1FBBAFF11F0E3D4700CA5640 /* Build configuration list for PBXNativeTarget "applemap" */;
			buildPhases = (
				1FBBAFDB1F0E3D4700CA5640 /* Sources */,
				1FBBAFDC1F0E3D4700CA5640 /* Frameworks */,
				1FBBAFDD1F0E3D4700CA5640 /* Resources */,
			);
			buildRules = (
			);
			dependencies = (
			);
			name = applemap;
			productName = applemap;
			productReference = 1FBBAFDF1F0E3D4700CA5640 /* applemap.app */;
			productType = "com.apple.product-type.application";
		};
/* End PBXNativeTarget section */

/* Begin PBXProject section */
		1FBBAFD71F0E3D4700CA5640 /* Project object */ = {
			isa = PBXProject;
			attributes = {
				LastSwiftUpdateCheck = 0830;
				LastUpgradeCheck = 0830;
				ORGANIZATIONNAME = Dharmesh;
				TargetAttributes = {
					1FBBAFDE1F0E3D4700CA5640 = {
						CreatedOnToolsVersion = 8.3.3;
						ProvisioningStyle = Automatic;
					};
				};
			};
			buildConfigurationList = 1FBBAFDA1F0E3D4700CA5640 /* Build configuration list for PBXProject "applemap" */;
			compatibilityVersion = "Xcode 3.2";
			developmentRegion = English;
			hasScannedForEncodings = 0;
			knownRegions = (
				en,
				Base,
			);
			mainGroup = 1FBBAFD61F0E3D4700CA5640;
			productRefGroup = 1FBBAFE01F0E3D4700CA5640 /* Products */;
			projectDirPath = "";
			projectRoot = "";
			targets = (
				1FBBAFDE1F0E3D4700CA5640 /* applemap */,
			);
		};
/* End PBXProject section */

/* Begin PBXResourcesBuildPhase section */
		1FBBAFDD1F0E3D4700CA5640 /* Resources */ = {
			isa = PBXResourcesBuildPhase;
			buildActionMask = 2147483647;
			files = (
				1FBBAFED1F0E3D4700CA5640 /* LaunchScreen.storyboard in Resources */,
				1FBBAFEA1F0E3D4700CA5640 /* Assets.xcassets in Resources */,
				1FBBAFE81F0E3D4700CA5640 /* Main.storyboard in Resources */,
			);
			runOnlyForDeploymentPostprocessing = 0;
		};
/* End PBXResourcesBuildPhase section */

/* Begin PBXSourcesBuildPhase section */
		1FBBAFDB1F0E3D4700CA5640 /* Sources */ = {
			isa = PBXSourcesBuildPhase;
			buildActionMask = 2147483647;
			files = (
				1FBBAFF51F0E3D9D00CA5640 /* pinAnnotation.swift in Sources */,
				1FBBAFE51F0E3D4700CA5640 /* ViewController.swift in Sources */,
				1FBBAFE31F0E3D4700CA5640 /* AppDelegate.swift in Sources */,
			);
			runOnlyForDeploymentPostprocessing = 0;
		};
/* End PBXSourcesBuildPhase section */

/* Begin PBXVariantGroup section */
		1FBBAFE61F0E3D4700CA5640 /* Main.storyboard */ = {
			isa = PBXVariantGroup;
			children = (
				1FBBAFE71F0E3D4700CA5640 /* Base */,
			);
			name = Main.storyboard;
			sourceTree = "<group>";
		};
		1FBBAFEB1F0E3D4700CA5640 /* LaunchScreen.storyboard */ = {
			isa = PBXVariantGroup;
			children = (
				1FBBAFEC1F0E3D4700CA5640 /* Base */,
			);
			name = LaunchScreen.storyboard;
			sourceTree = "<group>";
		};
/* End PBXVariantGroup section */

/* Begin XCBuildConfiguration section */
		1FBBAFEF1F0E3D4700CA5640 /* Debug */ = {
			isa = XCBuildConfiguration;
			buildSettings = {
				ALWAYS_SEARCH_USER_PATHS = NO;
				CLANG_ANALYZER_NONNULL = YES;
				CLANG_ANALYZER_NUMBER_OBJECT_CONVERSION = YES_AGGRESSIVE;
				CLANG_CXX_LANGUAGE_STANDARD = "gnu++0x";
				CLANG_CXX_LIBRARY = "libc++";
				CLANG_ENABLE_MODULES = YES;
				CLANG_ENABLE_OBJC_ARC = YES;
				CLANG_WARN_BOOL_CONVERSION = YES;
				CLANG_WARN_CONSTANT_CONVERSION = YES;
				CLANG_WARN_DIRECT_OBJC_ISA_USAGE = YES_ERROR;
				CLANG_WARN_DOCUMENTATION_COMMENTS = YES;
				CLANG_WARN_EMPTY_BODY = YES;
				CLANG_WARN_ENUM_CONVERSION = YES;
				CLANG_WARN_INFINITE_RECURSION = YES;
				CLANG_WARN_INT_CONVERSION = YES;
				CLANG_WARN_OBJC_ROOT_CLASS = YES_ERROR;
				CLANG_WARN_SUSPICIOUS_MOVE = YES;
				CLANG_WARN_UNREACHABLE_CODE = YES;
				CLANG_WARN__DUPLICATE_METHOD_MATCH = YES;
				"CODE_SIGN_IDENTITY[sdk=iphoneos*]" = "iPhone Developer";
				COPY_PHASE_STRIP = NO;
				DEBUG_INFORMATION_FORMAT = dwarf;
				ENABLE_STRICT_OBJC_MSGSEND = YES;
				ENABLE_TESTABILITY = YES;
				GCC_C_LANGUAGE_STANDARD = gnu99;
				GCC_DYNAMIC_NO_PIC = NO;
				GCC_NO_COMMON_BLOCKS = YES;
				GCC_OPTIMIZATION_LEVEL = 0;
				GCC_PREPROCESSOR_DEFINITIONS = (
					"DEBUG=1",
					"$(inherited)",
				);
				GCC_WARN_64_TO_32_BIT_CONVERSION = YES;
				GCC_WARN_ABOUT_RETURN_TYPE = YES_ERROR;
				GCC_WARN_UNDECLARED_SELECTOR = YES;
				GCC_WARN_UNINITIALIZED_AUTOS = YES_AGGRESSIVE;
				GCC_WARN_UNUSED_FUNCTION = YES;
				GCC_WARN_UNUSED_VARIABLE = YES;
				IPHONEOS_DEPLOYMENT_TARGET = 10.3;
				MTL_ENABLE_DEBUG_INFO = YES;
				ONLY_ACTIVE_ARCH = YES;
				SDKROOT = iphoneos;
				SWIFT_ACTIVE_COMPILATION_CONDITIONS = DEBUG;
				SWIFT_OPTIMIZATION_LEVEL = "-Onone";
			};
			name = Debug;
		};
		1FBBAFF01F0E3D4700CA5640 /* Release */ = {
			isa = XCBuildConfiguration;
			buildSettings = {
				ALWAYS_SEARCH_USER_PATHS = NO;
				CLANG_ANALYZER_NONNULL = YES;
				CLANG_ANALYZER_NUMBER_OBJECT_CONVERSION = YES_AGGRESSIVE;
				CLANG_CXX_LANGUAGE_STANDARD = "gnu++0x";
				CLANG_CXX_LIBRARY = "libc++";
				CLANG_ENABLE_MODULES = YES;
				CLANG_ENABLE_OBJC_ARC = YES;
				CLANG_WARN_BOOL_CONVERSION = YES;
				CLANG_WARN_CONSTANT_CONVERSION = YES;
				CLANG_WARN_DIRECT_OBJC_ISA_USAGE = YES_ERROR;
				CLANG_WARN_DOCUMENTATION_COMMENTS = YES;
				CLANG_WARN_EMPTY_BODY = YES;
				CLANG_WARN_ENUM_CONVERSION = YES;
				CLANG_WARN_INFINITE_RECURSION = YES;
				CLANG_WARN_INT_CONVERSION = YES;
				CLANG_WARN_OBJC_ROOT_CLASS = YES_ERROR;
				CLANG_WARN_SUSPICIOUS_MOVE = YES;
				CLANG_WARN_UNREACHABLE_CODE = YES;
				CLANG_WARN__DUPLICATE_METHOD_MATCH = YES;
				"CODE_SIGN_IDENTITY[sdk=iphoneos*]" = "iPhone Developer";
				COPY_PHASE_STRIP = NO;
				DEBUG_INFORMATION_FORMAT = "dwarf-with-dsym";
				ENABLE_NS_ASSERTIONS = NO;
				ENABLE_STRICT_OBJC_MSGSEND = YES;
				GCC_C_LANGUAGE_STANDARD = gnu99;
				GCC_NO_COMMON_BLOCKS = YES;
				GCC_WARN_64_TO_32_BIT_CONVERSION = YES;
				GCC_WARN_ABOUT_RETURN_TYPE = YES_ERROR;
				GCC_WARN_UNDECLARED_SELECTOR = YES;
				GCC_WARN_UNINITIALIZED_AUTOS = YES_AGGRESSIVE;
				GCC_WARN_UNUSED_FUNCTION = YES;
				GCC_WARN_UNUSED_VARIABLE = YES;
				IPHONEOS_DEPLOYMENT_TARGET = 10.3;
				MTL_ENABLE_DEBUG_INFO = NO;
				SDKROOT = iphoneos;
				SWIFT_OPTIMIZATION_LEVEL = "-Owholemodule";
				VALIDATE_PRODUCT = YES;
			};
			name = Release;
		};
		1FBBAFF21F0E3D4700CA5640 /* Debug */ = {
			isa = XCBuildConfiguration;
			buildSettings = {
				ASSETCATALOG_COMPILER_APPICON_NAME = AppIcon;
				INFOPLIST_FILE = applemap/Info.plist;
				LD_RUNPATH_SEARCH_PATHS = "$(inherited) @executable_path/Frameworks";
				PRODUCT_BUNDLE_IDENTIFIER = Root.applemap;
				PRODUCT_NAME = "$(TARGET_NAME)";
				SWIFT_VERSION = 3.0;
			};
			name = Debug;
		};
		1FBBAFF31F0E3D4700CA5640 /* Release */ = {
			isa = XCBuildConfiguration;
			buildSettings = {
				ASSETCATALOG_COMPILER_APPICON_NAME = AppIcon;
				INFOPLIST_FILE = applemap/Info.plist;
				LD_RUNPATH_SEARCH_PATHS = "$(inherited) @executable_path/Frameworks";
				PRODUCT_BUNDLE_IDENTIFIER = Root.applemap;
				PRODUCT_NAME = "$(TARGET_NAME)";
				SWIFT_VERSION = 3.0;
			};
			name = Release;
		};
/* End XCBuildConfiguration section */

/* Begin XCConfigurationList section */
		1FBBAFDA1F0E3D4700CA5640 /* Build configuration list for PBXProject "applemap" */ = {
			isa = XCConfigurationList;
			buildConfigurations = (
				1FBBAFEF1F0E3D4700CA5640 /* Debug */,
				1FBBAFF01F0E3D4700CA5640 /* Release */,
			);
			defaultConfigurationIsVisible = 0;
			defaultConfigurationName = Release;
		};
		1FBBAFF11F0E3D4700CA5640 /* Build configuration list for PBXNativeTarget "applemap" */ = {
			isa = XCConfigurationList;
			buildConfigurations = (
				1FBBAFF21F0E3D4700CA5640 /* Debug */,
				1FBBAFF31F0E3D4700CA5640 /* Release */,
			);
			defaultConfigurationIsVisible = 0;
		};
/* End XCConfigurationList section */
	};
	rootObject = 1FBBAFD71F0E3D4700CA5640 /* Project object */;
}
